
Microsoft Visual Studio Solution File, Format Version 12.00
# Visual Studio Version 17
VisualStudioVersion = 17.8.34330.188
MinimumVisualStudioVersion = 10.0.40219.1
Project("{9A19103F-16F7-4668-BE54-9A1E7A4F7556}") = "WeatherApp", "WeatherApp\WeatherApp.csproj", "{C25388F5-8323-4752-AA16-9B847D709461}"
EndProject
Global
	GlobalSection(SolutionConfigurationPlatforms) = preSolution
		Debug|Any CPU = Debug|Any CPU
		Release|Any CPU = Release|Any CPU
	EndGlobalSection
	GlobalSection(ProjectConfigurationPlatforms) = postSolution
		{C25388F5-8323-4752-AA16-9B847D709461}.Debug|Any CPU.ActiveCfg = Debug|Any CPU
		{C25388F5-8323-4752-AA16-9B847D709461}.Debug|Any CPU.Build.0 = Debug|Any CPU
		{C25388F5-8323-4752-AA16-9B847D709461}.Release|Any CPU.ActiveCfg = Release|Any CPU
		{C25388F5-8323-4752-AA16-9B847D709461}.Release|Any CPU.Build.0 = Release|Any CPU
	EndGlobalSection
	GlobalSection(SolutionProperties) = preSolution
		HideSolutionNode = FALSE
	EndGlobalSection
	GlobalSection(ExtensibilityGlobals) = postSolution
		SolutionGuid = {A19A2DC3-F4EA-4A35-A2BE-4153C345F74D}
	EndGlobalSection
EndGlobal
